
Microsoft Visual Studio Solution File, Format Version 12.00
# Visual Studio Version 17
VisualStudioVersion = 17.7.34031.279
MinimumVisualStudioVersion = 10.0.40219.1
Project("{FAE04EC0-301F-11D3-BF4B-00C04F79EFBC}") = "PrasingsPOS", "PrasingsPOS\PrasingsPOS.csproj", "{73DE6986-165A-48AA-B21C-F70AAEDD7704}"
EndProject
Global
	GlobalSection(SolutionConfigurationPlatforms) = preSolution
		Debug|Any CPU = Debug|Any CPU
		Release|Any CPU = Release|Any CPU
	EndGlobalSection
	GlobalSection(ProjectConfigurationPlatforms) = postSolution
		{73DE6986-165A-48AA-B21C-F70AAEDD7704}.Debug|Any CPU.ActiveCfg = Debug|Any CPU
		{73DE6986-165A-48AA-B21C-F70AAEDD7704}.Debug|Any CPU.Build.0 = Debug|Any CPU
		{73DE6986-165A-48AA-B21C-F70AAEDD7704}.Release|Any CPU.ActiveCfg = Release|Any CPU
		{73DE6986-165A-48AA-B21C-F70AAEDD7704}.Release|Any CPU.Build.0 = Release|Any CPU
	EndGlobalSection
	GlobalSection(SolutionProperties) = preSolution
		HideSolutionNode = FALSE
	EndGlobalSection
	GlobalSection(ExtensibilityGlobals) = postSolution
		SolutionGuid = {D01B9CB8-51D6-481F-8B87-F506312088F0}
	EndGlobalSection
EndGlobal
